
Microsoft Visual Studio Solution File, Format Version 12.00
# Visual Studio Version 16
VisualStudioVersion = 16.0.29806.167
MinimumVisualStudioVersion = 10.0.40219.1
Project("{FAE04EC0-301F-11D3-BF4B-00C04F79EFBC}") = "lesson12", "lesson12.csproj", "{A57B1AD1-DBC8-4489-9DC6-161014A60A55}"
EndProject
Project("{FAE04EC0-301F-11D3-BF4B-00C04F79EFBC}") = "Task3", "..\Task3\Task3.csproj", "{5AC6C524-7385-4309-BC57-AF02C1D4B997}"
EndProject
Project("{FAE04EC0-301F-11D3-BF4B-00C04F79EFBC}") = "Task4", "..\Task4\Task4.csproj", "{A288286E-1CB5-4F9E-9D04-C1CE38AAF358}"
EndProject
Global
	GlobalSection(SolutionConfigurationPlatforms) = preSolution
		Debug|Any CPU = Debug|Any CPU
		Release|Any CPU = Release|Any CPU
	EndGlobalSection
	GlobalSection(ProjectConfigurationPlatforms) = postSolution
		{A57B1AD1-DBC8-4489-9DC6-161014A60A55}.Debug|Any CPU.ActiveCfg = Debug|Any CPU
		{A57B1AD1-DBC8-4489-9DC6-161014A60A55}.Debug|Any CPU.Build.0 = Debug|Any CPU
		{A57B1AD1-DBC8-4489-9DC6-161014A60A55}.Release|Any CPU.ActiveCfg = Release|Any CPU
		{A57B1AD1-DBC8-4489-9DC6-161014A60A55}.Release|Any CPU.Build.0 = Release|Any CPU
		{5AC6C524-7385-4309-BC57-AF02C1D4B997}.Debug|Any CPU.ActiveCfg = Debug|Any CPU
		{5AC6C524-7385-4309-BC57-AF02C1D4B997}.Debug|Any CPU.Build.0 = Debug|Any CPU
		{5AC6C524-7385-4309-BC57-AF02C1D4B997}.Release|Any CPU.ActiveCfg = Release|Any CPU
		{5AC6C524-7385-4309-BC57-AF02C1D4B997}.Release|Any CPU.Build.0 = Release|Any CPU
		{A288286E-1CB5-4F9E-9D04-C1CE38AAF358}.Debug|Any CPU.ActiveCfg = Debug|Any CPU
		{A288286E-1CB5-4F9E-9D04-C1CE38AAF358}.Debug|Any CPU.Build.0 = Debug|Any CPU
		{A288286E-1CB5-4F9E-9D04-C1CE38AAF358}.Release|Any CPU.ActiveCfg = Release|Any CPU
		{A288286E-1CB5-4F9E-9D04-C1CE38AAF358}.Release|Any CPU.Build.0 = Release|Any CPU
	EndGlobalSection
	GlobalSection(SolutionProperties) = preSolution
		HideSolutionNode = FALSE
	EndGlobalSection
	GlobalSection(ExtensibilityGlobals) = postSolution
		SolutionGuid = {83836A10-06C7-4A9B-A292-AE191F173914}
	EndGlobalSection
EndGlobal
